
Microsoft Visual Studio Solution File, Format Version 12.00
# Visual Studio 15
VisualStudioVersion = 15.0.28307.539
MinimumVisualStudioVersion = 10.0.40219.1
Project("{FAE04EC0-301F-11D3-BF4B-00C04F79EFBC}") = "09abril-Ej1-estructura", "09abril-Ej1-estructura\09abril-Ej1-estructura.csproj", "{430137F2-7055-4CE7-ADE5-44A8683BB7FD}"
EndProject
Project("{FAE04EC0-301F-11D3-BF4B-00C04F79EFBC}") = "09abril-Ej2-calculadora", "09abril-Ej2-calculadora\09abril-Ej2-calculadora.csproj", "{F1AFBB79-1DAD-41E3-876F-D080C9660C07}"
EndProject
Project("{FAE04EC0-301F-11D3-BF4B-00C04F79EFBC}") = "24abril-Ej1-depurar", "24abril-Ej1-depurar\24abril-Ej1-depurar.csproj", "{3A493A57-1720-47D1-94F7-CD229F05C538}"
EndProject
Global
	GlobalSection(SolutionConfigurationPlatforms) = preSolution
		Debug|Any CPU = Debug|Any CPU
		Release|Any CPU = Release|Any CPU
	EndGlobalSection
	GlobalSection(ProjectConfigurationPlatforms) = postSolution
		{430137F2-7055-4CE7-ADE5-44A8683BB7FD}.Debug|Any CPU.ActiveCfg = Debug|Any CPU
		{430137F2-7055-4CE7-ADE5-44A8683BB7FD}.Debug|Any CPU.Build.0 = Debug|Any CPU
		{430137F2-7055-4CE7-ADE5-44A8683BB7FD}.Release|Any CPU.ActiveCfg = Release|Any CPU
		{430137F2-7055-4CE7-ADE5-44A8683BB7FD}.Release|Any CPU.Build.0 = Release|Any CPU
		{F1AFBB79-1DAD-41E3-876F-D080C9660C07}.Debug|Any CPU.ActiveCfg = Debug|Any CPU
		{F1AFBB79-1DAD-41E3-876F-D080C9660C07}.Debug|Any CPU.Build.0 = Debug|Any CPU
		{F1AFBB79-1DAD-41E3-876F-D080C9660C07}.Release|Any CPU.ActiveCfg = Release|Any CPU
		{F1AFBB79-1DAD-41E3-876F-D080C9660C07}.Release|Any CPU.Build.0 = Release|Any CPU
		{3A493A57-1720-47D1-94F7-CD229F05C538}.Debug|Any CPU.ActiveCfg = Debug|Any CPU
		{3A493A57-1720-47D1-94F7-CD229F05C538}.Debug|Any CPU.Build.0 = Debug|Any CPU
		{3A493A57-1720-47D1-94F7-CD229F05C538}.Release|Any CPU.ActiveCfg = Release|Any CPU
		{3A493A57-1720-47D1-94F7-CD229F05C538}.Release|Any CPU.Build.0 = Release|Any CPU
	EndGlobalSection
	GlobalSection(SolutionProperties) = preSolution
		HideSolutionNode = FALSE
	EndGlobalSection
	GlobalSection(ExtensibilityGlobals) = postSolution
		SolutionGuid = {52E537FA-2A46-4A14-B68B-CE950B5B8B9F}
	EndGlobalSection
EndGlobal
